<?xml version="1.0" encoding="utf-8"?>
<Project ToolsVersion="4.0" xmlns="http://schemas.microsoft.com/developer/msbuild/2003">
  <ItemGroup>
    <ClCompile Include="main.cpp" />
    <ClCompile Include="network\public\source\io_error_manage.cpp" />
    <ClCompile Include="network\tcp\iocp\server\source\io_context.cpp" />
    <ClCompile Include="network\tcp\iocp\server\source\server.cpp" />
    <ClCompile Include="network\tcp\iocp\server\source\user.cpp" />
    <ClCompile Include="network\tcp\public\source\io_data.cpp" />
    <ClCompile Include="pool\source\thread_pool.cpp" />
    <ClCompile Include="timer\source\time_heap.cpp" />
    <ClCompile Include="tool\source\byte.cpp" />
    <ClCompile Include="tool\source\math.cpp" />
    <ClCompile Include="network\tcp\iocp\server\source\event_info.cpp" />
    <ClCompile Include="test\source\test.cpp" />
    <ClCompile Include="test\timer1\timer.cpp" />
  </ItemGroup>
  <ItemGroup>
    <Natvis Include="NatvisFile.natvis" />
  </ItemGroup>
  <ItemGroup>
    <ClInclude Include="data_struct\lock_free_stack.h" />
    <ClInclude Include="data_struct\max_heap.h" />
    <ClInclude Include="data_struct\mini_heap.h" />
    <ClInclude Include="network\public\define.h" />
    <ClInclude Include="network\public\io_error_manage.h" />
    <ClInclude Include="network\tcp\iocp\public\define.h" />
    <ClInclude Include="network\tcp\iocp\server\event_info.h" />
    <ClInclude Include="network\tcp\iocp\server\io_context.h" />
    <ClInclude Include="network\tcp\iocp\server\user.h" />
    <ClInclude Include="network\tcp\iocp\server.h" />
    <ClInclude Include="network\tcp\public\define.h" />
    <ClInclude Include="network\tcp\public\io_data.h" />
    <ClInclude Include="network\tcp\public\package.h" />
    <ClInclude Include="pool\fixed_memory_pool.h" />
    <ClInclude Include="pool\socket_pool.h" />
    <ClInclude Include="pool\thread_pool.h" />
    <ClInclude Include="pool\variable_memory_pool.h" />
    <ClInclude Include="test\test.h" />
    <ClInclude Include="timer\time_heap.h" />
    <ClInclude Include="tool\byte.h" />
    <ClInclude Include="tool\math.h" />
    <ClInclude Include="tool\memory.h" />
    <ClInclude Include="tool\time.h" />
    <ClInclude Include="raii\critical.h" />
    <ClInclude Include="tool\public.h" />
    <ClInclude Include="tool\network.h" />
    <ClInclude Include="network\tcp\public\server_base.h" />
    <ClInclude Include="test\timer1\timer.h" />
  </ItemGroup>
  <ItemGroup>
    <None Include="data_struct\source\lock_free_stack.tcc" />
    <None Include="data_struct\source\max_heap.tcc" />
    <None Include="data_struct\source\mini_heap.tcc" />
    <None Include="network\public\source\io_error_manage.icc" />
    <None Include="network\tcp\iocp\server\source\server.icc" />
    <None Include="network\tcp\iocp\server\source\user.icc" />
    <None Include="network\tcp\public\source\io_data.icc" />
    <None Include="raii\source\critical.icc" />
    <None Include="timer\source\time_heap.icc" />
    <None Include="tool\source\math.icc" />
    <None Include="tool\source\memory.icc" />
    <None Include="tool\source\time.icc" />
    <None Include="pool\source\fixed_memory_pool.tcc" />
    <None Include="pool\source\socket_pool.tcc" />
    <None Include="pool\source\thread_pool.tcc" />
    <None Include="pool\source\variable_memory_pool.tcc" />
    <None Include="tool\source\public.icc" />
    <None Include="tool\source\network.icc" />
    <None Include="tool\source\byte.icc" />
    <None Include="network\tcp\public\source\server_base.icc" />
  </ItemGroup>
</Project>