<?xml version="1.0" encoding="utf-8"?>
<Project ToolsVersion="4.0" xmlns="http://schemas.microsoft.com/developer/msbuild/2003">
  <ItemGroup>
    <ClCompile Include="main.cpp" />
    <ClCompile Include="network\tcp\iocp\server\source\server.cpp" />
    <ClCompile Include="network\tcp\public\source\io_data.cpp" />
    <ClCompile Include="pool\source\thread_pool.cpp" />
    <ClCompile Include="timer\source\time_heap.cpp" />
    <ClCompile Include="tool\source\byte.cpp" />
    <ClCompile Include="tool\source\math.cpp" />
    <ClCompile Include="test\source\test.cpp" />
    <ClCompile Include="test\timer1\timer.cpp" />
    <ClCompile Include="tool\source\system.cpp" />
    <ClCompile Include="tool\source\time.cpp" />
    <ClCompile Include="other\debug\source\dump.cpp" />
    <ClCompile Include="other\debug\source\dead_lock_check.cpp" />
    <ClCompile Include="network\tcp\iocp\server\source\client.cpp" />
    <ClCompile Include="network\tcp\iocp\client\source\server.cpp" />
    <ClCompile Include="network\tcp\iocp\client\source\client.cpp" />
    <ClCompile Include="network\websocket\iocp\server\source\client.cpp" />
    <ClCompile Include="network\websocket\iocp\server\source\server.cpp" />
    <ClCompile Include="network\websocket\public\source\io_data.cpp" />
    <ClCompile Include="network\tcp\public\source\io_error_manage.cpp" />
    <ClCompile Include="network\websocket\public\source\io_error_manage.cpp" />
    <ClCompile Include="tool\source\encode.cpp" />
    <ClCompile Include="network\websocket\public\source\package.cpp" />
    <ClCompile Include="tool\source\convert.cpp" />
  </ItemGroup>
  <ItemGroup>
    <Natvis Include="NatvisFile.natvis" />
  </ItemGroup>
  <ItemGroup>
    <ClInclude Include="data_struct\lock_free_stack.h" />
    <ClInclude Include="data_struct\max_heap.h" />
    <ClInclude Include="data_struct\mini_heap.h" />
    <ClInclude Include="network\public\define.h" />
    <ClInclude Include="network\tcp\iocp\public\define.h" />
    <ClInclude Include="network\tcp\iocp\server\event_info.h" />
    <ClInclude Include="network\tcp\iocp\server\io_context.h" />
    <ClInclude Include="network\tcp\iocp\server.h" />
    <ClInclude Include="network\tcp\public\define.h" />
    <ClInclude Include="network\tcp\public\io_data.h" />
    <ClInclude Include="network\tcp\public\package.h" />
    <ClInclude Include="pool\fixed_memory_pool.h" />
    <ClInclude Include="pool\socket_pool.h" />
    <ClInclude Include="pool\thread_pool.h" />
    <ClInclude Include="pool\variable_memory_pool.h" />
    <ClInclude Include="test\test.h" />
    <ClInclude Include="timer\time_heap.h" />
    <ClInclude Include="tool\byte.h" />
    <ClInclude Include="tool\math.h" />
    <ClInclude Include="tool\memory.h" />
    <ClInclude Include="tool\time.h" />
    <ClInclude Include="tool\network.h" />
    <ClInclude Include="network\tcp\public\server_base.h" />
    <ClInclude Include="test\timer1\timer.h" />
    <ClInclude Include="tool\system.h" />
    <ClInclude Include="other\debug\dump.h" />
    <ClInclude Include="network\tcp\public\client_base.h" />
    <ClInclude Include="other\raii\critical.h" />
    <ClInclude Include="other\debug\dead_lock_check.h" />
    <ClInclude Include="network\tcp\iocp\server\client.h" />
    <ClInclude Include="network\tcp\iocp\client.h" />
    <ClInclude Include="network\tcp\iocp\client\event_info.h" />
    <ClInclude Include="network\tcp\iocp\client\io_context.h" />
    <ClInclude Include="network\tcp\iocp\client\server.h" />
    <ClInclude Include="network\websocket\iocp\public\define.h" />
    <ClInclude Include="network\websocket\iocp\server\client.h" />
    <ClInclude Include="network\websocket\iocp\server\event_info.h" />
    <ClInclude Include="network\websocket\iocp\server\io_context.h" />
    <ClInclude Include="network\websocket\iocp\server.h" />
    <ClInclude Include="network\websocket\public\client_base.h" />
    <ClInclude Include="network\websocket\public\define.h" />
    <ClInclude Include="network\websocket\public\io_data.h" />
    <ClInclude Include="network\websocket\public\package.h" />
    <ClInclude Include="network\websocket\public\server_base.h" />
    <ClInclude Include="network\tcp\public\io_error_manage.h" />
    <ClInclude Include="network\websocket\public\io_error_manage.h" />
    <ClInclude Include="tool\encode.h" />
    <ClInclude Include="tool\convert.h" />
    <ClInclude Include="network\tcp\protocol\tcp.h" />
    <ClInclude Include="network\tcp\public\protocol_base.h" />
  </ItemGroup>
  <ItemGroup>
    <None Include="data_struct\source\lock_free_stack.tcc" />
    <None Include="data_struct\source\max_heap.tcc" />
    <None Include="data_struct\source\mini_heap.tcc" />
    <None Include="network\tcp\iocp\server\source\server.icc" />
    <None Include="network\tcp\public\source\io_data.icc" />
    <None Include="timer\source\time_heap.icc" />
    <None Include="tool\source\math.icc" />
    <None Include="tool\source\memory.icc" />
    <None Include="tool\source\time.icc" />
    <None Include="pool\source\fixed_memory_pool.tcc" />
    <None Include="pool\source\socket_pool.tcc" />
    <None Include="pool\source\thread_pool.tcc" />
    <None Include="pool\source\variable_memory_pool.tcc" />
    <None Include="tool\source\network.icc" />
    <None Include="tool\source\byte.icc" />
    <None Include="network\tcp\public\source\server_base.icc" />
    <None Include="network\tcp\iocp\server\source\event_info.icc" />
    <None Include="tool\source\system.icc" />
    <None Include="network\tcp\public\source\client_base.icc" />
    <None Include="network\tcp\iocp\server\source\io_context.icc" />
    <None Include="other\raii\source\critical.icc" />
    <None Include="other\debug\source\dead_lock_check.icc" />
    <None Include="network\tcp\iocp\server\source\client.icc" />
    <None Include="network\tcp\iocp\client\source\event_info.icc" />
    <None Include="network\tcp\iocp\client\source\io_context.icc" />
    <None Include="network\tcp\iocp\client\source\server.icc" />
    <None Include="network\tcp\iocp\client\source\client.icc" />
    <None Include="network\websocket\iocp\server\source\client.icc" />
    <None Include="network\websocket\iocp\server\source\event_info.icc" />
    <None Include="network\websocket\iocp\server\source\io_context.icc" />
    <None Include="network\websocket\iocp\server\source\server.icc" />
    <None Include="network\websocket\public\source\client_base.icc" />
    <None Include="network\websocket\public\source\io_data.icc" />
    <None Include="network\websocket\public\source\server_base.icc" />
    <None Include="network\tcp\public\source\io_error_manage.icc" />
    <None Include="network\websocket\public\source\io_error_manage.icc" />
    <None Include="network\websocket\public\source\package.icc" />
    <None Include="other\debug\source\dump.icc" />
  </ItemGroup>
</Project>